{
  "requires": true,
  "lockfileVersion": 1,
  "dependencies": {
    "an-old-hype": {
      "version": "0.1.6",
      "resolved": "https://registry.npmjs.org/an-old-hype/-/an-old-hype-0.1.6.tgz",
      "integrity": "sha512-sCjauf0vmkEeAU3ujRXSWCxR6mqVwrttKhp18p0Uggp9XKwXgd9lpW1xX+TwzVOItP1PXnYssfBzJ/9jCoMyOA=="
    }
  }
}
